// !$*UTF8*$!
{
	archiveVersion = 1;
	classes = {
	};
	objectVersion = 55;
	objects = {

/* Begin PBXBuildFile section */
		4A03EB412855FD5A00A99F36 /* Kingfisher in Frameworks */ = {isa = PBXBuildFile; productRef = 4A03EB402855FD5A00A99F36 /* Kingfisher */; };
		4AA6EB3F284F8F0F005BFA4B /* InfoApp.swift in Sources */ = {isa = PBXBuildFile; fileRef = 4AA6EB3E284F8F0F005BFA4B /* InfoApp.swift */; };
		4AA6EB41284F8F0F005BFA4B /* ContentView.swift in Sources */ = {isa = PBXBuildFile; fileRef = 4AA6EB40284F8F0F005BFA4B /* ContentView.swift */; };
		4AA6EB43284F8F10005BFA4B /* Assets.xcassets in Resources */ = {isa = PBXBuildFile; fileRef = 4AA6EB42284F8F10005BFA4B /* Assets.xcassets */; };
		4AA6EB46284F8F10005BFA4B /* Preview Assets.xcassets in Resources */ = {isa = PBXBuildFile; fileRef = 4AA6EB45284F8F10005BFA4B /* Preview Assets.xcassets */; };
		4AE3B5EC2851ED2E001E4F4F /* Alamofire in Frameworks */ = {isa = PBXBuildFile; productRef = 4AE3B5EB2851ED2E001E4F4F /* Alamofire */; };
		4AF02DC729D9631E00AE9B3D /* NewsListScreenView.swift in Sources */ = {isa = PBXBuildFile; fileRef = 4AF02DC629D9631E00AE9B3D /* NewsListScreenView.swift */; };
		4AF02DD029D965CF00AE9B3D /* Article.swift in Sources */ = {isa = PBXBuildFile; fileRef = 4AF02DCD29D965CF00AE9B3D /* Article.swift */; };
		4AF02DD129D965CF00AE9B3D /* News.swift in Sources */ = {isa = PBXBuildFile; fileRef = 4AF02DCE29D965CF00AE9B3D /* News.swift */; };
		4AF02DD229D965CF00AE9B3D /* Source.swift in Sources */ = {isa = PBXBuildFile; fileRef = 4AF02DCF29D965CF00AE9B3D /* Source.swift */; };
		4AF02DD629D9679B00AE9B3D /* NetworkManager+News.swift in Sources */ = {isa = PBXBuildFile; fileRef = 4AF02DD429D9679B00AE9B3D /* NetworkManager+News.swift */; };
		4AF02DD729D9679B00AE9B3D /* NetworkManager.swift in Sources */ = {isa = PBXBuildFile; fileRef = 4AF02DD529D9679B00AE9B3D /* NetworkManager.swift */; };
		4AF02DD929D9691600AE9B3D /* NewsListViewModel.swift in Sources */ = {isa = PBXBuildFile; fileRef = 4AF02DD829D9691600AE9B3D /* NewsListViewModel.swift */; };
		4AF02DDC29D96AAC00AE9B3D /* BaseViewModel.swift in Sources */ = {isa = PBXBuildFile; fileRef = 4AF02DDB29D96AAC00AE9B3D /* BaseViewModel.swift */; };
		4AF02DDF29D9712B00AE9B3D /* NewsListView.swift in Sources */ = {isa = PBXBuildFile; fileRef = 4AF02DDE29D9712B00AE9B3D /* NewsListView.swift */; };
		4AF02DE129D9854A00AE9B3D /* ArticleListObject.swift in Sources */ = {isa = PBXBuildFile; fileRef = 4AF02DE029D9854A00AE9B3D /* ArticleListObject.swift */; };
		4AF02DE529D991B200AE9B3D /* ViewDidLoadModifier.swift in Sources */ = {isa = PBXBuildFile; fileRef = 4AF02DE429D991B200AE9B3D /* ViewDidLoadModifier.swift */; };
		4AF02DE829D993F200AE9B3D /* StatefulPreviewWrapper.swift in Sources */ = {isa = PBXBuildFile; fileRef = 4AF02DE729D993F200AE9B3D /* StatefulPreviewWrapper.swift */; };
		4AF02DEC29D99E5A00AE9B3D /* Keyboard+ViewModifiers.swift in Sources */ = {isa = PBXBuildFile; fileRef = 4AF02DEB29D99E5A00AE9B3D /* Keyboard+ViewModifiers.swift */; };
		4AFD30602852454100979186 /* CountriesScreenView.swift in Sources */ = {isa = PBXBuildFile; fileRef = 4AFD305F2852454100979186 /* CountriesScreenView.swift */; };
		4AFD306728524D7800979186 /* CountriesViewModel.swift in Sources */ = {isa = PBXBuildFile; fileRef = 4AFD306628524D7800979186 /* CountriesViewModel.swift */; };
/* End PBXBuildFile section */

/* Begin PBXFileReference section */
		4AA6EB3B284F8F0F005BFA4B /* Info.app */ = {isa = PBXFileReference; explicitFileType = wrapper.application; includeInIndex = 0; path = Info.app; sourceTree = BUILT_PRODUCTS_DIR; };
		4AA6EB3E284F8F0F005BFA4B /* InfoApp.swift */ = {isa = PBXFileReference; lastKnownFileType = sourcecode.swift; path = InfoApp.swift; sourceTree = "<group>"; };
		4AA6EB40284F8F0F005BFA4B /* ContentView.swift */ = {isa = PBXFileReference; lastKnownFileType = sourcecode.swift; path = ContentView.swift; sourceTree = "<group>"; };
		4AA6EB42284F8F10005BFA4B /* Assets.xcassets */ = {isa = PBXFileReference; lastKnownFileType = folder.assetcatalog; path = Assets.xcassets; sourceTree = "<group>"; };
		4AA6EB45284F8F10005BFA4B /* Preview Assets.xcassets */ = {isa = PBXFileReference; lastKnownFileType = folder.assetcatalog; path = "Preview Assets.xcassets"; sourceTree = "<group>"; };
		4AF02DC629D9631E00AE9B3D /* NewsListScreenView.swift */ = {isa = PBXFileReference; lastKnownFileType = sourcecode.swift; path = NewsListScreenView.swift; sourceTree = "<group>"; };
		4AF02DCD29D965CF00AE9B3D /* Article.swift */ = {isa = PBXFileReference; fileEncoding = 4; lastKnownFileType = sourcecode.swift; path = Article.swift; sourceTree = "<group>"; };
		4AF02DCE29D965CF00AE9B3D /* News.swift */ = {isa = PBXFileReference; fileEncoding = 4; lastKnownFileType = sourcecode.swift; path = News.swift; sourceTree = "<group>"; };
		4AF02DCF29D965CF00AE9B3D /* Source.swift */ = {isa = PBXFileReference; fileEncoding = 4; lastKnownFileType = sourcecode.swift; path = Source.swift; sourceTree = "<group>"; };
		4AF02DD429D9679B00AE9B3D /* NetworkManager+News.swift */ = {isa = PBXFileReference; fileEncoding = 4; lastKnownFileType = sourcecode.swift; path = "NetworkManager+News.swift"; sourceTree = "<group>"; };
		4AF02DD529D9679B00AE9B3D /* NetworkManager.swift */ = {isa = PBXFileReference; fileEncoding = 4; lastKnownFileType = sourcecode.swift; path = NetworkManager.swift; sourceTree = "<group>"; };
		4AF02DD829D9691600AE9B3D /* NewsListViewModel.swift */ = {isa = PBXFileReference; fileEncoding = 4; lastKnownFileType = sourcecode.swift; path = NewsListViewModel.swift; sourceTree = "<group>"; };
		4AF02DDB29D96AAC00AE9B3D /* BaseViewModel.swift */ = {isa = PBXFileReference; lastKnownFileType = sourcecode.swift; path = BaseViewModel.swift; sourceTree = "<group>"; };
		4AF02DDE29D9712B00AE9B3D /* NewsListView.swift */ = {isa = PBXFileReference; lastKnownFileType = sourcecode.swift; path = NewsListView.swift; sourceTree = "<group>"; };
		4AF02DE029D9854A00AE9B3D /* ArticleListObject.swift */ = {isa = PBXFileReference; lastKnownFileType = sourcecode.swift; path = ArticleListObject.swift; sourceTree = "<group>"; };
		4AF02DE429D991B200AE9B3D /* ViewDidLoadModifier.swift */ = {isa = PBXFileReference; lastKnownFileType = sourcecode.swift; path = ViewDidLoadModifier.swift; sourceTree = "<group>"; };
		4AF02DE729D993F200AE9B3D /* StatefulPreviewWrapper.swift */ = {isa = PBXFileReference; lastKnownFileType = sourcecode.swift; path = StatefulPreviewWrapper.swift; sourceTree = "<group>"; };
		4AF02DEB29D99E5A00AE9B3D /* Keyboard+ViewModifiers.swift */ = {isa = PBXFileReference; lastKnownFileType = sourcecode.swift; path = "Keyboard+ViewModifiers.swift"; sourceTree = "<group>"; };
		4AFD305F2852454100979186 /* CountriesScreenView.swift */ = {isa = PBXFileReference; lastKnownFileType = sourcecode.swift; path = CountriesScreenView.swift; sourceTree = "<group>"; };
		4AFD306628524D7800979186 /* CountriesViewModel.swift */ = {isa = PBXFileReference; lastKnownFileType = sourcecode.swift; path = CountriesViewModel.swift; sourceTree = "<group>"; };
/* End PBXFileReference section */

/* Begin PBXFrameworksBuildPhase section */
		4AA6EB38284F8F0E005BFA4B /* Frameworks */ = {
			isa = PBXFrameworksBuildPhase;
			buildActionMask = 2147483647;
			files = (
				4A03EB412855FD5A00A99F36 /* Kingfisher in Frameworks */,
				4AE3B5EC2851ED2E001E4F4F /* Alamofire in Frameworks */,
			);
			runOnlyForDeploymentPostprocessing = 0;
		};
/* End PBXFrameworksBuildPhase section */

/* Begin PBXGroup section */
		4AA6EB32284F8F0E005BFA4B = {
			isa = PBXGroup;
			children = (
				4AA6EB3D284F8F0F005BFA4B /* Info */,
				4AA6EB3C284F8F0F005BFA4B /* Products */,
			);
			sourceTree = "<group>";
		};
		4AA6EB3C284F8F0F005BFA4B /* Products */ = {
			isa = PBXGroup;
			children = (
				4AA6EB3B284F8F0F005BFA4B /* Info.app */,
			);
			name = Products;
			sourceTree = "<group>";
		};
		4AA6EB3D284F8F0F005BFA4B /* Info */ = {
			isa = PBXGroup;
			children = (
				4AF02DDA29D96A9E00AE9B3D /* Base */,
				4AF02DC129D962AA00AE9B3D /* Screens */,
				4AFD305D2852433400979186 /* View */,
				4AFD305C2852432500979186 /* ViewModel */,
				4AF02DD329D9678E00AE9B3D /* Network */,
				4AFD305B2852431C00979186 /* Model */,
				4AF02DE329D9919300AE9B3D /* Modifiers */,
				4AF02DE229D9918200AE9B3D /* Extensions */,
				4AA6EB3E284F8F0F005BFA4B /* InfoApp.swift */,
				4AA6EB40284F8F0F005BFA4B /* ContentView.swift */,
				4AA6EB42284F8F10005BFA4B /* Assets.xcassets */,
				4AA6EB44284F8F10005BFA4B /* Preview Content */,
			);
			path = Info;
			sourceTree = "<group>";
		};
		4AA6EB44284F8F10005BFA4B /* Preview Content */ = {
			isa = PBXGroup;
			children = (
				4AA6EB45284F8F10005BFA4B /* Preview Assets.xcassets */,
			);
			path = "Preview Content";
			sourceTree = "<group>";
		};
		4AF02DC129D962AA00AE9B3D /* Screens */ = {
			isa = PBXGroup;
			children = (
				4AF02DC229D962C600AE9B3D /* News */,
				4AFD305E2852452400979186 /* Countries */,
			);
			path = Screens;
			sourceTree = "<group>";
		};
		4AF02DC229D962C600AE9B3D /* News */ = {
			isa = PBXGroup;
			children = (
				4AF02DC629D9631E00AE9B3D /* NewsListScreenView.swift */,
			);
			path = News;
			sourceTree = "<group>";
		};
		4AF02DC329D962CF00AE9B3D /* Countries */ = {
			isa = PBXGroup;
			children = (
				4AFD306628524D7800979186 /* CountriesViewModel.swift */,
			);
			path = Countries;
			sourceTree = "<group>";
		};
		4AF02DC429D962DC00AE9B3D /* News */ = {
			isa = PBXGroup;
			children = (
				4AF02DD829D9691600AE9B3D /* NewsListViewModel.swift */,
			);
			path = News;
			sourceTree = "<group>";
		};
		4AF02DCC29D965C300AE9B3D /* News */ = {
			isa = PBXGroup;
			children = (
				4AF02DCD29D965CF00AE9B3D /* Article.swift */,
				4AF02DCE29D965CF00AE9B3D /* News.swift */,
				4AF02DCF29D965CF00AE9B3D /* Source.swift */,
				4AF02DE029D9854A00AE9B3D /* ArticleListObject.swift */,
			);
			path = News;
			sourceTree = "<group>";
		};
		4AF02DD329D9678E00AE9B3D /* Network */ = {
			isa = PBXGroup;
			children = (
				4AF02DD529D9679B00AE9B3D /* NetworkManager.swift */,
				4AF02DD429D9679B00AE9B3D /* NetworkManager+News.swift */,
			);
			path = Network;
			sourceTree = "<group>";
		};
		4AF02DDA29D96A9E00AE9B3D /* Base */ = {
			isa = PBXGroup;
			children = (
				4AF02DE629D993E800AE9B3D /* Wrappers */,
				4AF02DDB29D96AAC00AE9B3D /* BaseViewModel.swift */,
			);
			path = Base;
			sourceTree = "<group>";
		};
		4AF02DDD29D970F600AE9B3D /* News */ = {
			isa = PBXGroup;
			children = (
				4AF02DDE29D9712B00AE9B3D /* NewsListView.swift */,
			);
			path = News;
			sourceTree = "<group>";
		};
		4AF02DE229D9918200AE9B3D /* Extensions */ = {
			isa = PBXGroup;
			children = (
			);
			path = Extensions;
			sourceTree = "<group>";
		};
		4AF02DE329D9919300AE9B3D /* Modifiers */ = {
			isa = PBXGroup;
			children = (
				4AF02DE429D991B200AE9B3D /* ViewDidLoadModifier.swift */,
				4AF02DEB29D99E5A00AE9B3D /* Keyboard+ViewModifiers.swift */,
			);
			path = Modifiers;
			sourceTree = "<group>";
		};
		4AF02DE629D993E800AE9B3D /* Wrappers */ = {
			isa = PBXGroup;
			children = (
				4AF02DE729D993F200AE9B3D /* StatefulPreviewWrapper.swift */,
			);
			path = Wrappers;
			sourceTree = "<group>";
		};
		4AFD305B2852431C00979186 /* Model */ = {
			isa = PBXGroup;
			children = (
				4AF02DCC29D965C300AE9B3D /* News */,
			);
			path = Model;
			sourceTree = "<group>";
		};
		4AFD305C2852432500979186 /* ViewModel */ = {
			isa = PBXGroup;
			children = (
				4AF02DC429D962DC00AE9B3D /* News */,
				4AF02DC329D962CF00AE9B3D /* Countries */,
			);
			path = ViewModel;
			sourceTree = "<group>";
		};
		4AFD305D2852433400979186 /* View */ = {
			isa = PBXGroup;
			children = (
				4AF02DDD29D970F600AE9B3D /* News */,
			);
			path = View;
			sourceTree = "<group>";
		};
		4AFD305E2852452400979186 /* Countries */ = {
			isa = PBXGroup;
			children = (
				4AFD305F2852454100979186 /* CountriesScreenView.swift */,
			);
			path = Countries;
			sourceTree = "<group>";
		};
/* End PBXGroup section */

/* Begin PBXNativeTarget section */
		4AA6EB3A284F8F0E005BFA4B /* Info */ = {
			isa = PBXNativeTarget;
			buildConfigurationList = 4AA6EB49284F8F10005BFA4B /* Build configuration list for PBXNativeTarget "Info" */;
			buildPhases = (
				4AA6EB37284F8F0E005BFA4B /* Sources */,
				4AA6EB38284F8F0E005BFA4B /* Frameworks */,
				4AA6EB39284F8F0E005BFA4B /* Resources */,
			);
			buildRules = (
			);
			dependencies = (
			);
			name = Info;
			packageProductDependencies = (
				4AE3B5EB2851ED2E001E4F4F /* Alamofire */,
				4A03EB402855FD5A00A99F36 /* Kingfisher */,
			);
			productName = Info;
			productReference = 4AA6EB3B284F8F0F005BFA4B /* Info.app */;
			productType = "com.apple.product-type.application";
		};
/* End PBXNativeTarget section */

/* Begin PBXProject section */
		4AA6EB33284F8F0E005BFA4B /* Project object */ = {
			isa = PBXProject;
			attributes = {
				BuildIndependentTargetsInParallel = 1;
				LastSwiftUpdateCheck = 1320;
				LastUpgradeCheck = 1320;
				TargetAttributes = {
					4AA6EB3A284F8F0E005BFA4B = {
						CreatedOnToolsVersion = 13.2.1;
					};
				};
			};
			buildConfigurationList = 4AA6EB36284F8F0E005BFA4B /* Build configuration list for PBXProject "Info" */;
			compatibilityVersion = "Xcode 13.0";
			developmentRegion = en;
			hasScannedForEncodings = 0;
			knownRegions = (
				en,
				Base,
			);
			mainGroup = 4AA6EB32284F8F0E005BFA4B;
			packageReferences = (
				4AE3B5EA2851ED2E001E4F4F /* XCRemoteSwiftPackageReference "Alamofire" */,
				4A03EB3F2855FD5A00A99F36 /* XCRemoteSwiftPackageReference "Kingfisher" */,
			);
			productRefGroup = 4AA6EB3C284F8F0F005BFA4B /* Products */;
			projectDirPath = "";
			projectRoot = "";
			targets = (
				4AA6EB3A284F8F0E005BFA4B /* Info */,
			);
		};
/* End PBXProject section */

/* Begin PBXResourcesBuildPhase section */
		4AA6EB39284F8F0E005BFA4B /* Resources */ = {
			isa = PBXResourcesBuildPhase;
			buildActionMask = 2147483647;
			files = (
				4AA6EB46284F8F10005BFA4B /* Preview Assets.xcassets in Resources */,
				4AA6EB43284F8F10005BFA4B /* Assets.xcassets in Resources */,
			);
			runOnlyForDeploymentPostprocessing = 0;
		};
/* End PBXResourcesBuildPhase section */

/* Begin PBXSourcesBuildPhase section */
		4AA6EB37284F8F0E005BFA4B /* Sources */ = {
			isa = PBXSourcesBuildPhase;
			buildActionMask = 2147483647;
			files = (
				4AF02DE529D991B200AE9B3D /* ViewDidLoadModifier.swift in Sources */,
				4AF02DD929D9691600AE9B3D /* NewsListViewModel.swift in Sources */,
				4AF02DE829D993F200AE9B3D /* StatefulPreviewWrapper.swift in Sources */,
				4AF02DE129D9854A00AE9B3D /* ArticleListObject.swift in Sources */,
				4AF02DD229D965CF00AE9B3D /* Source.swift in Sources */,
				4AA6EB41284F8F0F005BFA4B /* ContentView.swift in Sources */,
				4AF02DD729D9679B00AE9B3D /* NetworkManager.swift in Sources */,
				4AFD306728524D7800979186 /* CountriesViewModel.swift in Sources */,
				4AF02DDF29D9712B00AE9B3D /* NewsListView.swift in Sources */,
				4AF02DDC29D96AAC00AE9B3D /* BaseViewModel.swift in Sources */,
				4AF02DD029D965CF00AE9B3D /* Article.swift in Sources */,
				4AF02DEC29D99E5A00AE9B3D /* Keyboard+ViewModifiers.swift in Sources */,
				4AF02DC729D9631E00AE9B3D /* NewsListScreenView.swift in Sources */,
				4AF02DD129D965CF00AE9B3D /* News.swift in Sources */,
				4AF02DD629D9679B00AE9B3D /* NetworkManager+News.swift in Sources */,
				4AA6EB3F284F8F0F005BFA4B /* InfoApp.swift in Sources */,
				4AFD30602852454100979186 /* CountriesScreenView.swift in Sources */,
			);
			runOnlyForDeploymentPostprocessing = 0;
		};
/* End PBXSourcesBuildPhase section */

/* Begin XCBuildConfiguration section */
		4AA6EB47284F8F10005BFA4B /* Debug */ = {
			isa = XCBuildConfiguration;
			buildSettings = {
				ALWAYS_SEARCH_USER_PATHS = NO;
				CLANG_ANALYZER_NONNULL = YES;
				CLANG_ANALYZER_NUMBER_OBJECT_CONVERSION = YES_AGGRESSIVE;
				CLANG_CXX_LANGUAGE_STANDARD = "gnu++17";
				CLANG_CXX_LIBRARY = "libc++";
				CLANG_ENABLE_MODULES = YES;
				CLANG_ENABLE_OBJC_ARC = YES;
				CLANG_ENABLE_OBJC_WEAK = YES;
				CLANG_WARN_BLOCK_CAPTURE_AUTORELEASING = YES;
				CLANG_WARN_BOOL_CONVERSION = YES;
				CLANG_WARN_COMMA = YES;
				CLANG_WARN_CONSTANT_CONVERSION = YES;
				CLANG_WARN_DEPRECATED_OBJC_IMPLEMENTATIONS = YES;
				CLANG_WARN_DIRECT_OBJC_ISA_USAGE = YES_ERROR;
				CLANG_WARN_DOCUMENTATION_COMMENTS = YES;
				CLANG_WARN_EMPTY_BODY = YES;
				CLANG_WARN_ENUM_CONVERSION = YES;
				CLANG_WARN_INFINITE_RECURSION = YES;
				CLANG_WARN_INT_CONVERSION = YES;
				CLANG_WARN_NON_LITERAL_NULL_CONVERSION = YES;
				CLANG_WARN_OBJC_IMPLICIT_RETAIN_SELF = YES;
				CLANG_WARN_OBJC_LITERAL_CONVERSION = YES;
				CLANG_WARN_OBJC_ROOT_CLASS = YES_ERROR;
				CLANG_WARN_QUOTED_INCLUDE_IN_FRAMEWORK_HEADER = YES;
				CLANG_WARN_RANGE_LOOP_ANALYSIS = YES;
				CLANG_WARN_STRICT_PROTOTYPES = YES;
				CLANG_WARN_SUSPICIOUS_MOVE = YES;
				CLANG_WARN_UNGUARDED_AVAILABILITY = YES_AGGRESSIVE;
				CLANG_WARN_UNREACHABLE_CODE = YES;
				CLANG_WARN__DUPLICATE_METHOD_MATCH = YES;
				COPY_PHASE_STRIP = NO;
				DEBUG_INFORMATION_FORMAT = dwarf;
				ENABLE_STRICT_OBJC_MSGSEND = YES;
				ENABLE_TESTABILITY = YES;
				GCC_C_LANGUAGE_STANDARD = gnu11;
				GCC_DYNAMIC_NO_PIC = NO;
				GCC_NO_COMMON_BLOCKS = YES;
				GCC_OPTIMIZATION_LEVEL = 0;
				GCC_PREPROCESSOR_DEFINITIONS = (
					"DEBUG=1",
					"$(inherited)",
				);
				GCC_WARN_64_TO_32_BIT_CONVERSION = YES;
				GCC_WARN_ABOUT_RETURN_TYPE = YES_ERROR;
				GCC_WARN_UNDECLARED_SELECTOR = YES;
				GCC_WARN_UNINITIALIZED_AUTOS = YES_AGGRESSIVE;
				GCC_WARN_UNUSED_FUNCTION = YES;
				GCC_WARN_UNUSED_VARIABLE = YES;
				IPHONEOS_DEPLOYMENT_TARGET = 15.2;
				MTL_ENABLE_DEBUG_INFO = INCLUDE_SOURCE;
				MTL_FAST_MATH = YES;
				ONLY_ACTIVE_ARCH = YES;
				SDKROOT = iphoneos;
				SWIFT_ACTIVE_COMPILATION_CONDITIONS = DEBUG;
				SWIFT_OPTIMIZATION_LEVEL = "-Onone";
			};
			name = Debug;
		};
		4AA6EB48284F8F10005BFA4B /* Release */ = {
			isa = XCBuildConfiguration;
			buildSettings = {
				ALWAYS_SEARCH_USER_PATHS = NO;
				CLANG_ANALYZER_NONNULL = YES;
				CLANG_ANALYZER_NUMBER_OBJECT_CONVERSION = YES_AGGRESSIVE;
				CLANG_CXX_LANGUAGE_STANDARD = "gnu++17";
				CLANG_CXX_LIBRARY = "libc++";
				CLANG_ENABLE_MODULES = YES;
				CLANG_ENABLE_OBJC_ARC = YES;
				CLANG_ENABLE_OBJC_WEAK = YES;
				CLANG_WARN_BLOCK_CAPTURE_AUTORELEASING = YES;
				CLANG_WARN_BOOL_CONVERSION = YES;
				CLANG_WARN_COMMA = YES;
				CLANG_WARN_CONSTANT_CONVERSION = YES;
				CLANG_WARN_DEPRECATED_OBJC_IMPLEMENTATIONS = YES;
				CLANG_WARN_DIRECT_OBJC_ISA_USAGE = YES_ERROR;
				CLANG_WARN_DOCUMENTATION_COMMENTS = YES;
				CLANG_WARN_EMPTY_BODY = YES;
				CLANG_WARN_ENUM_CONVERSION = YES;
				CLANG_WARN_INFINITE_RECURSION = YES;
				CLANG_WARN_INT_CONVERSION = YES;
				CLANG_WARN_NON_LITERAL_NULL_CONVERSION = YES;
				CLANG_WARN_OBJC_IMPLICIT_RETAIN_SELF = YES;
				CLANG_WARN_OBJC_LITERAL_CONVERSION = YES;
				CLANG_WARN_OBJC_ROOT_CLASS = YES_ERROR;
				CLANG_WARN_QUOTED_INCLUDE_IN_FRAMEWORK_HEADER = YES;
				CLANG_WARN_RANGE_LOOP_ANALYSIS = YES;
				CLANG_WARN_STRICT_PROTOTYPES = YES;
				CLANG_WARN_SUSPICIOUS_MOVE = YES;
				CLANG_WARN_UNGUARDED_AVAILABILITY = YES_AGGRESSIVE;
				CLANG_WARN_UNREACHABLE_CODE = YES;
				CLANG_WARN__DUPLICATE_METHOD_MATCH = YES;
				COPY_PHASE_STRIP = NO;
				DEBUG_INFORMATION_FORMAT = "dwarf-with-dsym";
				ENABLE_NS_ASSERTIONS = NO;
				ENABLE_STRICT_OBJC_MSGSEND = YES;
				GCC_C_LANGUAGE_STANDARD = gnu11;
				GCC_NO_COMMON_BLOCKS = YES;
				GCC_WARN_64_TO_32_BIT_CONVERSION = YES;
				GCC_WARN_ABOUT_RETURN_TYPE = YES_ERROR;
				GCC_WARN_UNDECLARED_SELECTOR = YES;
				GCC_WARN_UNINITIALIZED_AUTOS = YES_AGGRESSIVE;
				GCC_WARN_UNUSED_FUNCTION = YES;
				GCC_WARN_UNUSED_VARIABLE = YES;
				IPHONEOS_DEPLOYMENT_TARGET = 15.2;
				MTL_ENABLE_DEBUG_INFO = NO;
				MTL_FAST_MATH = YES;
				SDKROOT = iphoneos;
				SWIFT_COMPILATION_MODE = wholemodule;
				SWIFT_OPTIMIZATION_LEVEL = "-O";
				VALIDATE_PRODUCT = YES;
			};
			name = Release;
		};
		4AA6EB4A284F8F10005BFA4B /* Debug */ = {
			isa = XCBuildConfiguration;
			buildSettings = {
				ASSETCATALOG_COMPILER_APPICON_NAME = AppIcon;
				ASSETCATALOG_COMPILER_GLOBAL_ACCENT_COLOR_NAME = AccentColor;
				CODE_SIGN_STYLE = Automatic;
				CURRENT_PROJECT_VERSION = 1;
				DEVELOPMENT_ASSET_PATHS = "\"Info/Preview Content\"";
				DEVELOPMENT_TEAM = H7K76ZRYMQ;
				ENABLE_PREVIEWS = YES;
				GENERATE_INFOPLIST_FILE = YES;
				INFOPLIST_KEY_UIApplicationSceneManifest_Generation = YES;
				INFOPLIST_KEY_UIApplicationSupportsIndirectInputEvents = YES;
				INFOPLIST_KEY_UILaunchScreen_Generation = YES;
				INFOPLIST_KEY_UISupportedInterfaceOrientations = UIInterfaceOrientationPortrait;
				INFOPLIST_KEY_UISupportedInterfaceOrientations_iPad = "UIInterfaceOrientationPortrait UIInterfaceOrientationPortraitUpsideDown UIInterfaceOrientationLandscapeLeft UIInterfaceOrientationLandscapeRight";
				INFOPLIST_KEY_UISupportedInterfaceOrientations_iPhone = "UIInterfaceOrientationPortrait UIInterfaceOrientationLandscapeLeft UIInterfaceOrientationLandscapeRight";
				IPHONEOS_DEPLOYMENT_TARGET = 15.0;
				LD_RUNPATH_SEARCH_PATHS = (
					"$(inherited)",
					"@executable_path/Frameworks",
				);
				MARKETING_VERSION = 1.0;
				PRODUCT_BUNDLE_IDENTIFIER = ru.mikhailzinovev.Info;
				PRODUCT_NAME = "$(TARGET_NAME)";
				SWIFT_EMIT_LOC_STRINGS = YES;
				SWIFT_VERSION = 5.0;
				TARGETED_DEVICE_FAMILY = 1;
			};
			name = Debug;
		};
		4AA6EB4B284F8F10005BFA4B /* Release */ = {
			isa = XCBuildConfiguration;
			buildSettings = {
				ASSETCATALOG_COMPILER_APPICON_NAME = AppIcon;
				ASSETCATALOG_COMPILER_GLOBAL_ACCENT_COLOR_NAME = AccentColor;
				CODE_SIGN_STYLE = Automatic;
				CURRENT_PROJECT_VERSION = 1;
				DEVELOPMENT_ASSET_PATHS = "\"Info/Preview Content\"";
				DEVELOPMENT_TEAM = H7K76ZRYMQ;
				ENABLE_PREVIEWS = YES;
				GENERATE_INFOPLIST_FILE = YES;
				INFOPLIST_KEY_UIApplicationSceneManifest_Generation = YES;
				INFOPLIST_KEY_UIApplicationSupportsIndirectInputEvents = YES;
				INFOPLIST_KEY_UILaunchScreen_Generation = YES;
				INFOPLIST_KEY_UISupportedInterfaceOrientations = UIInterfaceOrientationPortrait;
				INFOPLIST_KEY_UISupportedInterfaceOrientations_iPad = "UIInterfaceOrientationPortrait UIInterfaceOrientationPortraitUpsideDown UIInterfaceOrientationLandscapeLeft UIInterfaceOrientationLandscapeRight";
				INFOPLIST_KEY_UISupportedInterfaceOrientations_iPhone = "UIInterfaceOrientationPortrait UIInterfaceOrientationLandscapeLeft UIInterfaceOrientationLandscapeRight";
				IPHONEOS_DEPLOYMENT_TARGET = 15.0;
				LD_RUNPATH_SEARCH_PATHS = (
					"$(inherited)",
					"@executable_path/Frameworks",
				);
				MARKETING_VERSION = 1.0;
				PRODUCT_BUNDLE_IDENTIFIER = ru.mikhailzinovev.Info;
				PRODUCT_NAME = "$(TARGET_NAME)";
				SWIFT_EMIT_LOC_STRINGS = YES;
				SWIFT_VERSION = 5.0;
				TARGETED_DEVICE_FAMILY = 1;
			};
			name = Release;
		};
/* End XCBuildConfiguration section */

/* Begin XCConfigurationList section */
		4AA6EB36284F8F0E005BFA4B /* Build configuration list for PBXProject "Info" */ = {
			isa = XCConfigurationList;
			buildConfigurations = (
				4AA6EB47284F8F10005BFA4B /* Debug */,
				4AA6EB48284F8F10005BFA4B /* Release */,
			);
			defaultConfigurationIsVisible = 0;
			defaultConfigurationName = Release;
		};
		4AA6EB49284F8F10005BFA4B /* Build configuration list for PBXNativeTarget "Info" */ = {
			isa = XCConfigurationList;
			buildConfigurations = (
				4AA6EB4A284F8F10005BFA4B /* Debug */,
				4AA6EB4B284F8F10005BFA4B /* Release */,
			);
			defaultConfigurationIsVisible = 0;
			defaultConfigurationName = Release;
		};
/* End XCConfigurationList section */

/* Begin XCRemoteSwiftPackageReference section */
		4A03EB3F2855FD5A00A99F36 /* XCRemoteSwiftPackageReference "Kingfisher" */ = {
			isa = XCRemoteSwiftPackageReference;
			repositoryURL = "https://github.com/onevcat/Kingfisher";
			requirement = {
				kind = upToNextMajorVersion;
				minimumVersion = 7.0.0;
			};
		};
		4AE3B5EA2851ED2E001E4F4F /* XCRemoteSwiftPackageReference "Alamofire" */ = {
			isa = XCRemoteSwiftPackageReference;
			repositoryURL = "https://github.com/Alamofire/Alamofire.git";
			requirement = {
				kind = upToNextMajorVersion;
				minimumVersion = 5.0.0;
			};
		};
/* End XCRemoteSwiftPackageReference section */

/* Begin XCSwiftPackageProductDependency section */
		4A03EB402855FD5A00A99F36 /* Kingfisher */ = {
			isa = XCSwiftPackageProductDependency;
			package = 4A03EB3F2855FD5A00A99F36 /* XCRemoteSwiftPackageReference "Kingfisher" */;
			productName = Kingfisher;
		};
		4AE3B5EB2851ED2E001E4F4F /* Alamofire */ = {
			isa = XCSwiftPackageProductDependency;
			package = 4AE3B5EA2851ED2E001E4F4F /* XCRemoteSwiftPackageReference "Alamofire" */;
			productName = Alamofire;
		};
/* End XCSwiftPackageProductDependency section */
	};
	rootObject = 4AA6EB33284F8F0E005BFA4B /* Project object */;
}
